
Microsoft Visual Studio Solution File, Format Version 12.00
# Visual Studio Version 17
VisualStudioVersion = 17.8.34525.116
MinimumVisualStudioVersion = 10.0.40219.1
Project("{9A19103F-16F7-4668-BE54-9A1E7A4F7556}") = "HapetCompiler", "HapetCompiler\HapetCompiler.csproj", "{A5F3264C-D4E1-4038-9B53-BFC3B6F0E1A9}"
EndProject
Project("{9A19103F-16F7-4668-BE54-9A1E7A4F7556}") = "HapetFrontend", "HapetFrontend\HapetFrontend.csproj", "{E60DB66F-7B04-4F3D-BEDE-B8F165591CEB}"
EndProject
Project("{9A19103F-16F7-4668-BE54-9A1E7A4F7556}") = "HapetBackend", "HapetBackend\HapetBackend.csproj", "{80CE2BB5-15AD-4EAD-AEAF-A3ABC2052414}"
EndProject
Project("{9A19103F-16F7-4668-BE54-9A1E7A4F7556}") = "HapetPostPrepare", "HapetPostPrepare\HapetPostPrepare.csproj", "{95E07BF9-368E-4F86-9C7B-A4BABD4281A9}"
EndProject
Project("{2150E333-8FDC-42A3-9474-1A3956D46DE8}") = "Solution Items", "Solution Items", "{52132950-C779-4FDD-ACFD-654E172F6511}"
	ProjectSection(SolutionItems) = preProject
		.editorconfig = .editorconfig
	EndProjectSection
EndProject
Project("{FAE04EC0-301F-11D3-BF4B-00C04F79EFBC}") = "HapetLastPrepare", "HapetLastPrepare\HapetLastPrepare.csproj", "{8181A535-D363-4E0A-B3F9-35E5E2ACE68C}"
EndProject
Global
	GlobalSection(SolutionConfigurationPlatforms) = preSolution
		Debug|Any CPU = Debug|Any CPU
		Release|Any CPU = Release|Any CPU
	EndGlobalSection
	GlobalSection(ProjectConfigurationPlatforms) = postSolution
		{A5F3264C-D4E1-4038-9B53-BFC3B6F0E1A9}.Debug|Any CPU.ActiveCfg = Debug|Any CPU
		{A5F3264C-D4E1-4038-9B53-BFC3B6F0E1A9}.Debug|Any CPU.Build.0 = Debug|Any CPU
		{A5F3264C-D4E1-4038-9B53-BFC3B6F0E1A9}.Release|Any CPU.ActiveCfg = Release|Any CPU
		{A5F3264C-D4E1-4038-9B53-BFC3B6F0E1A9}.Release|Any CPU.Build.0 = Release|Any CPU
		{E60DB66F-7B04-4F3D-BEDE-B8F165591CEB}.Debug|Any CPU.ActiveCfg = Debug|Any CPU
		{E60DB66F-7B04-4F3D-BEDE-B8F165591CEB}.Debug|Any CPU.Build.0 = Debug|Any CPU
		{E60DB66F-7B04-4F3D-BEDE-B8F165591CEB}.Release|Any CPU.ActiveCfg = Release|Any CPU
		{E60DB66F-7B04-4F3D-BEDE-B8F165591CEB}.Release|Any CPU.Build.0 = Release|Any CPU
		{80CE2BB5-15AD-4EAD-AEAF-A3ABC2052414}.Debug|Any CPU.ActiveCfg = Debug|Any CPU
		{80CE2BB5-15AD-4EAD-AEAF-A3ABC2052414}.Debug|Any CPU.Build.0 = Debug|Any CPU
		{80CE2BB5-15AD-4EAD-AEAF-A3ABC2052414}.Release|Any CPU.ActiveCfg = Release|Any CPU
		{80CE2BB5-15AD-4EAD-AEAF-A3ABC2052414}.Release|Any CPU.Build.0 = Release|Any CPU
		{95E07BF9-368E-4F86-9C7B-A4BABD4281A9}.Debug|Any CPU.ActiveCfg = Debug|Any CPU
		{95E07BF9-368E-4F86-9C7B-A4BABD4281A9}.Debug|Any CPU.Build.0 = Debug|Any CPU
		{95E07BF9-368E-4F86-9C7B-A4BABD4281A9}.Release|Any CPU.ActiveCfg = Release|Any CPU
		{95E07BF9-368E-4F86-9C7B-A4BABD4281A9}.Release|Any CPU.Build.0 = Release|Any CPU
		{8181A535-D363-4E0A-B3F9-35E5E2ACE68C}.Debug|Any CPU.ActiveCfg = Debug|Any CPU
		{8181A535-D363-4E0A-B3F9-35E5E2ACE68C}.Debug|Any CPU.Build.0 = Debug|Any CPU
		{8181A535-D363-4E0A-B3F9-35E5E2ACE68C}.Release|Any CPU.ActiveCfg = Release|Any CPU
		{8181A535-D363-4E0A-B3F9-35E5E2ACE68C}.Release|Any CPU.Build.0 = Release|Any CPU
	EndGlobalSection
	GlobalSection(SolutionProperties) = preSolution
		HideSolutionNode = FALSE
	EndGlobalSection
	GlobalSection(ExtensibilityGlobals) = postSolution
		SolutionGuid = {C37D7582-9324-4B07-9D82-D24F76D1D755}
	EndGlobalSection
EndGlobal
